
Microsoft Visual Studio Solution File, Format Version 12.00
# Visual Studio 15
VisualStudioVersion = 15.0.27004.2005
MinimumVisualStudioVersion = 10.0.40219.1
Project("{8BC9CEB8-8B4A-11D0-8D11-00A0C91BC942}") = "BPNN", "BPNN\BPNN.vcxproj", "{DDE6471B-E1F8-49AB-A8D3-AF6B88A5EA1B}"
EndProject
Global
	GlobalSection(SolutionConfigurationPlatforms) = preSolution
		Debug|x64 = Debug|x64
		Debug|x86 = Debug|x86
		Release|x64 = Release|x64
		Release|x86 = Release|x86
	EndGlobalSection
	GlobalSection(ProjectConfigurationPlatforms) = postSolution
		{DDE6471B-E1F8-49AB-A8D3-AF6B88A5EA1B}.Debug|x64.ActiveCfg = Debug|x64
		{DDE6471B-E1F8-49AB-A8D3-AF6B88A5EA1B}.Debug|x64.Build.0 = Debug|x64
		{DDE6471B-E1F8-49AB-A8D3-AF6B88A5EA1B}.Debug|x86.ActiveCfg = Debug|Win32
		{DDE6471B-E1F8-49AB-A8D3-AF6B88A5EA1B}.Debug|x86.Build.0 = Debug|Win32
		{DDE6471B-E1F8-49AB-A8D3-AF6B88A5EA1B}.Release|x64.ActiveCfg = Release|x64
		{DDE6471B-E1F8-49AB-A8D3-AF6B88A5EA1B}.Release|x64.Build.0 = Release|x64
		{DDE6471B-E1F8-49AB-A8D3-AF6B88A5EA1B}.Release|x86.ActiveCfg = Release|Win32
		{DDE6471B-E1F8-49AB-A8D3-AF6B88A5EA1B}.Release|x86.Build.0 = Release|Win32
	EndGlobalSection
	GlobalSection(SolutionProperties) = preSolution
		HideSolutionNode = FALSE
	EndGlobalSection
	GlobalSection(ExtensibilityGlobals) = postSolution
		SolutionGuid = {F05184F0-E891-483E-A51F-4D4847DAE73C}
	EndGlobalSection
EndGlobal
